
Microsoft Visual Studio Solution File, Format Version 12.00
# Visual Studio Version 17
VisualStudioVersion = 17.3.32929.385
MinimumVisualStudioVersion = 10.0.40219.1
Project("{FAE04EC0-301F-11D3-BF4B-00C04F79EFBC}") = "Mvvm_Example", "Mvvm_Example\Mvvm_Example.csproj", "{1C62C558-AAF4-4677-89F2-D09DBED63BB0}"
EndProject
Project("{9A19103F-16F7-4668-BE54-9A1E7A4F7556}") = "MVVM_Example_dotnet6", "MVVM_Example_dotnet6\MVVM_Example_dotnet6.csproj", "{0C6BF3DC-DEDE-4289-90EC-141E08CC2B90}"
EndProject
Project("{2150E333-8FDC-42A3-9474-1A3956D46DE8}") = "Solution Items", "Solution Items", "{4B887DCE-23B2-43EB-A68C-F473C0178DA9}"
	ProjectSection(SolutionItems) = preProject
		.editorconfig = .editorconfig
	EndProjectSection
EndProject
Global
	GlobalSection(SolutionConfigurationPlatforms) = preSolution
		Debug|Any CPU = Debug|Any CPU
		Release|Any CPU = Release|Any CPU
	EndGlobalSection
	GlobalSection(ProjectConfigurationPlatforms) = postSolution
		{1C62C558-AAF4-4677-89F2-D09DBED63BB0}.Debug|Any CPU.ActiveCfg = Debug|Any CPU
		{1C62C558-AAF4-4677-89F2-D09DBED63BB0}.Debug|Any CPU.Build.0 = Debug|Any CPU
		{1C62C558-AAF4-4677-89F2-D09DBED63BB0}.Release|Any CPU.ActiveCfg = Release|Any CPU
		{1C62C558-AAF4-4677-89F2-D09DBED63BB0}.Release|Any CPU.Build.0 = Release|Any CPU
		{0C6BF3DC-DEDE-4289-90EC-141E08CC2B90}.Debug|Any CPU.ActiveCfg = Debug|Any CPU
		{0C6BF3DC-DEDE-4289-90EC-141E08CC2B90}.Debug|Any CPU.Build.0 = Debug|Any CPU
		{0C6BF3DC-DEDE-4289-90EC-141E08CC2B90}.Release|Any CPU.ActiveCfg = Release|Any CPU
		{0C6BF3DC-DEDE-4289-90EC-141E08CC2B90}.Release|Any CPU.Build.0 = Release|Any CPU
	EndGlobalSection
	GlobalSection(SolutionProperties) = preSolution
		HideSolutionNode = FALSE
	EndGlobalSection
	GlobalSection(ExtensibilityGlobals) = postSolution
		SolutionGuid = {F9450BD4-3F09-47E3-81C5-A7D32D2AE8D1}
	EndGlobalSection
EndGlobal
